github.com/Songmu/prompter v0.5.1 h1:IAsttKsOZWSDw7bV1mtGn9TAmLFAjXbp9I/eYmUUogo=
github.com/Songmu/prompter v0.5.1/go.mod h1:CS3jEPD6h9IaLaG6afrl1orTgII9+uDWuw95dr6xHSw=
github.com/alecthomas/assert/v2 v2.1.0 h1:tbredtNcQnoSd3QBhQWI7QZ3XHOVkw1Moklp2ojoH/0=
github.com/alecthomas/kong v0.7.1 h1:azoTh0IOfwlAX3qN9sHWTxACE2oV8Bg2gAwBsMwDQY4=
github.com/alecthomas/kong v0.7.1/go.mod h1:n1iCIO2xS46oE8ZfYCNDqdR0b0wZNrXAIAqro/2132U=
github.com/alecthomas/repr v0.1.0 h1:ENn2e1+J3k09gyj2shc0dHr/yjaWSHRlrJ4DPMevDqE=
github.com/aws/aws-sdk-go-v2 v1.17.1/go.mod h1:JLnGeGONAyi2lWXI1p0PCIOIy333JMVK1U7Hf0aRFLw=
github.com/aws/aws-sdk-go-v2 v1.17.2/go.mod h1:uzbQtefpm44goOPmdKyAlXSNcwlRgF3ePWVW6EtJvvw=
github.com/aws/aws-sdk-go-v2 v1.17.6 h1:Y773UK7OBqhzi5VDXMi1zVGsoj+CVHs2eaC2bDsLwi0=
github.com/aws/aws-sdk-go-v2 v1.17.6/go.mod h1:uzbQtefpm44goOPmdKyAlXSNcwlRgF3ePWVW6EtJvvw=
github.com/aws/aws-sdk-go-v2/config v1.18.4 h1:VZKhr3uAADXHStS/Gf9xSYVmmaluTUfkc0dcbPiDsKE=
github.com/aws/aws-sdk-go-v2/config v1.18.4/go.mod h1:EZxMPLSdGAZ3eAmkqXfYbRppZJTzFTkv8VyEzJhKko4=
github.com/aws/aws-sdk-go-v2/credentials v1.13.4 h1:nEbHIyJy7mCvQ/kzGG7VWHSBpRB4H6sJy3bWierWUtg=
github.com/aws/aws-sdk-go-v2/credentials v1.13.4/go.mod h1:/Cj5w9LRsNTLSwexsohwDME32OzJ6U81Zs33zr2ZWOM=
github.com/aws/aws-sdk-go-v2/feature/ec2/imds v1.12.20 h1:tpNOglTZ8kg9T38NpcGBxudqfUAwUzyUnLQ4XSd0CHE=
github.com/aws/aws-sdk-go-v2/feature/ec2/imds v1.12.20/go.mod h1:d9xFpWd3qYwdIXM0fvu7deD08vvdRXyc/ueV+0SqaWE=
github.com/aws/aws-sdk-go-v2/internal/configsources v1.1.25/go.mod h1:Zb29PYkf42vVYQY6pvSyJCJcFHlPIiY+YKdPtwnvMkY=
github.com/aws/aws-sdk-go-v2/internal/configsources v1.1.26/go.mod h1:2E0LdbJW6lbeU4uxjum99GZzI0ZjDpAb0CoSCM0oeEY=
github.com/aws/aws-sdk-go-v2/internal/configsources v1.1.30 h1:y+8n9AGDjikyXoMBTRaHHHSaFEB8267ykmvyPodJfys=
github.com/aws/aws-sdk-go-v2/internal/configsources v1.1.30/go.mod h1:LUBAO3zNXQjoONBKn/kR1y0Q4cj/D02Ts0uHYjcCQLM=
github.com/aws/aws-sdk-go-v2/internal/endpoints/v2 v2.4.19/go.mod h1:6Q0546uHDp421okhmmGfbxzq2hBqbXFNpi4k+Q1JnQA=
github.com/aws/aws-sdk-go-v2/internal/endpoints/v2 v2.4.20/go.mod h1:/+6lSiby8TBFpTVXZgKiN/rCfkYXEGvhlM4zCgPpt7w=
github.com/aws/aws-sdk-go-v2/internal/endpoints/v2 v2.4.24 h1:r+Kv+SEJquhAZXaJ7G4u44cIwXV3f8K+N482NNAzJZA=
github.com/aws/aws-sdk-go-v2/internal/endpoints/v2 v2.4.24/go.mod h1:gAuCezX/gob6BSMbItsSlMb6WZGV7K2+fWOvk8xBSto=
github.com/aws/aws-sdk-go-v2/internal/ini v1.3.27 h1:N2eKFw2S+JWRCtTt0IhIX7uoGGQciD4p6ba+SJv4WEU=
github.com/aws/aws-sdk-go-v2/internal/ini v1.3.27/go.mod h1:RdwFVc7PBYWY33fa2+8T1mSqQ7ZEK4ILpM0wfioDC3w=
github.com/aws/aws-sdk-go-v2/service/internal/presigned-url v1.9.20 h1:jlgyHbkZQAgAc7VIxJDmtouH8eNjOk2REVAQfVhdaiQ=
github.com/aws/aws-sdk-go-v2/service/internal/presigned-url v1.9.20/go.mod h1:Xs52xaLBqDEKRcAfX/hgjmD3YQ7c/W+BEyfamlO/W2E=
github.com/aws/aws-sdk-go-v2/service/quicksight v1.33.1 h1:U7Eo1qBJFe/R2189utZu6mdodHmsN+1DWDtB5CHrBnQ=
github.com/aws/aws-sdk-go-v2/service/quicksight v1.33.1/go.mod h1:j/BRfUnqbnTZXu6sY1CrXeQy+b4M9aiebbq30oBvJoU=
github.com/aws/aws-sdk-go-v2/service/redshiftdata v1.16.13 h1:hVrup9EZ/QgcSn6viaHnNTGvr+F82fUekDrvmtoKIPQ=
github.com/aws/aws-sdk-go-v2/service/redshiftdata v1.16.13/go.mod h1:7f6XcpJ1hH7ai5yby7gE03CaIXqGvlaWGilNnE/wzpc=
github.com/aws/aws-sdk-go-v2/service/sso v1.11.26 h1:ActQgdTNQej/RuUJjB9uxYVLDOvRGtUreXF8L3c8wyg=
github.com/aws/aws-sdk-go-v2/service/sso v1.11.26/go.mod h1:uB9tV79ULEZUXc6Ob18A46KSQ0JDlrplPni9XW6Ot60=
github.com/aws/aws-sdk-go-v2/service/ssooidc v1.13.9 h1:wihKuqYUlA2T/Rx+yu2s6NDAns8B9DgnRooB1PVhY+Q=
github.com/aws/aws-sdk-go-v2/service/ssooidc v1.13.9/go.mod h1:2E/3D/mB8/r2J7nK42daoKP/ooCwbf0q1PznNc+DZTU=
github.com/aws/aws-sdk-go-v2/service/sts v1.17.6 h1:VQFOLQVL3BrKM/NLO/7FiS4vcp5bqK0mGMyk09xLoAY=
github.com/aws/aws-sdk-go-v2/service/sts v1.17.6/go.mod h1:Az3OXXYGyfNwQNsK/31L4R75qFYnO641RZGAoV3uH1c=
github.com/aws/smithy-go v1.13.4/go.mod h1:Tg+OJXh4MB2R/uN61Ko2f6hTZwB/ZYGOtib8J3gBHzA=
github.com/aws/smithy-go v1.13.5 h1:hgz0X/DX0dGqTYpGALqXJoRKRj5oQ7150i5FdTePzO8=
github.com/aws/smithy-go v1.13.5/go.mod h1:Tg+OJXh4MB2R/uN61Ko2f6hTZwB/ZYGOtib8J3gBHzA=
github.com/davecgh/go-spew v1.1.0/go.mod h1:J7Y8YcW2NihsgmVo/mv3lAwl/skON4iLHjSsI+c5H38=
github.com/davecgh/go-spew v1.1.1 h1:vj9j/u1bqnvCEfJOwUhtlOARqs3+rkHYY13jYWTU97c=
github.com/fatih/color v1.13.0 h1:8LOYc1KYPPmyKMuN8QV2DNRWNbLo6LZ0iLs8+mlH53w=
github.com/fatih/color v1.13.0/go.mod h1:kLAiJbzzSOZDVNGyDpeOxJ47H46qBXwg5ILebYFFOfk=
github.com/fujiwara/logutils v1.1.0 h1:JAYmqW40d/ZjzouB01sfZiaTxwNe4hwmB6lLajZqm1s=
github.com/fujiwara/logutils v1.1.0/go.mod h1:pdb/Uk70rjQWEmFm/OvYH7OG8meZt1fEIqC0qZbvro4=
github.com/go-sql-driver/mysql v1.6.0 h1:BCTh4TKNUYmOmMUcQ3IipzF5prigylS7XXjEkfCHuOE=
github.com/go-sql-driver/mysql v1.6.0/go.mod h1:DCzpHaOWr8IXmIStZouvnhqoel9Qv2LBy8hT2VhHyBg=
github.com/google/go-cmp v0.5.8/go.mod h1:17dUlkBOakJ0+DkrSSNjCkIjxS6bF9zb3elmeNGIjoY=
github.com/google/go-cmp v0.5.9 h1:O2Tfq5qg4qc4AmwVlvv0oLiVAGB7enBSJ2x2DqQFi38=
github.com/google/go-cmp v0.5.9/go.mod h1:17dUlkBOakJ0+DkrSSNjCkIjxS6bF9zb3elmeNGIjoY=
github.com/hexops/gotextdiff v1.0.3 h1:gitA9+qJrrTCsiCl7+kh75nPqQt1cx4ZkudSTLoUqJM=
github.com/jmespath/go-jmespath v0.4.0/go.mod h1:T8mJZnbsbmF+m6zOOFylbeCJqk5+pHWvzYPziyZiYoo=
github.com/jmespath/go-jmespath/internal/testify v1.5.1/go.mod h1:L3OGu8Wl2/fWfCI6z80xFu9LTZmf1ZRjMHUOPmWr69U=
github.com/jmoiron/sqlx v1.3.5 h1:vFFPA71p1o5gAeqtEAwLU4dnX2napprKtHr7PYIcN3g=
github.com/jmoiron/sqlx v1.3.5/go.mod h1:nRVWtLre0KfCLJvgxzCsLVMogSvQ1zNJtpYr2Ccp0mQ=
github.com/lib/pq v1.2.0 h1:LXpIM/LZ5xGFhOpXAQUIMM1HdyqzVYM13zNdjCEEcA0=
github.com/lib/pq v1.2.0/go.mod h1:5WUZQaWbwv1U+lTReE5YruASi9Al49XbQIvNi/34Woo=
github.com/mashiike/redshift-data-sql-driver v0.1.0 h1:ANVUFHt7qXvpjPUKt5b+RT3yJ2TkcOhn4rUaJMbVJr0=
github.com/mashiike/redshift-data-sql-driver v0.1.0/go.mod h1:ETccRF1+n++o8HP4eG/IrSeA+hlywV+qgF9y0oF2D1I=
github.com/mattn/go-colorable v0.1.9 h1:sqDoxXbdeALODt0DAeJCVp38ps9ZogZEAXjus69YV3U=
github.com/mattn/go-colorable v0.1.9/go.mod h1:u6P/XSegPjTcexA+o6vUJrdnUu04hMope9wVRipJSqc=
github.com/mattn/go-isatty v0.0.12/go.mod h1:cbi8OIDigv2wuxKPP5vlRcQ1OAZbq2CE4Kysco4FUpU=
github.com/mattn/go-isatty v0.0.14/go.mod h1:7GGIvUiUoEMVVmxf/4nioHXj79iQHKdU27kJ6hsGG94=
github.com/mattn/go-isatty v0.0.16 h1:bq3VjFmv/sOjHtdEhmkEV4x1AJtvUvOJ2PFAZ5+peKQ=
github.com/mattn/go-isatty v0.0.16/go.mod h1:kYGgaQfpe5nmfYZH+SKPsOc2e4SrIfOl2e/yFXSvRLM=
github.com/mattn/go-sqlite3 v1.14.6 h1:dNPt6NO46WmLVt2DLNpwczCmdV5boIZ6g/tlDrlRUbg=
github.com/mattn/go-sqlite3 v1.14.6/go.mod h1:NyWgC/yNuGj7Q9rpYnZvas74GogHl5/Z4A/KQRfk6bU=
github.com/pmezard/go-difflib v1.0.0 h1:4DBwDE0NGyQoBHbLQYPwSUPoCMWR5BEzIk/f1lZbAQM=
github.com/pmezard/go-difflib v1.0.0/go.mod h1:iKH77koFhYxTK1pcRnkKkqfTogsbg7gZNVY4sRDYZ/4=
github.com/samber/lo v1.36.0 h1:4LaOxH1mHnbDGhTVE0i1z8v/lWaQW8AIfOD3HU4mSaw=
github.com/samber/lo v1.36.0/go.mod h1:HLeWcJRRyLKp3+/XBJvOrerCQn9mhdKMHyd7IRlgeQ8=
github.com/stretchr/objx v0.1.0/go.mod h1:HFkY916IF+rwdDfMAkV7OtwuqBVzrE8GR6GFx+wExME=
github.com/stretchr/testify v1.8.1 h1:w7B6lhMri9wdJUVmEZPGGhZzrYTPvgJArz7wNPgYKsk=
github.com/thoas/go-funk v0.9.1 h1:O549iLZqPpTUQ10ykd26sZhzD+rmR5pWhuElrhbC20M=
golang.org/x/exp v0.0.0-20220303212507-bbda1eaf7a17 h1:3MTrJm4PyNL9NBqvYDSj3DHl46qQakyfqfWo4jgfaEM=
golang.org/x/exp v0.0.0-20220303212507-bbda1eaf7a17/go.mod h1:lgLbSvA5ygNOMpwM/9anMpWVlVJ7Z+cHWq/eFuinpGE=
golang.org/x/sys v0.0.0-20200116001909-b77594299b42/go.mod h1:h1NjWce9XRLGQEsW7wpKNCjG9DtNlClVuFLEZdDNbEs=
golang.org/x/sys v0.0.0-20200223170610-d5e6a3e2c0ae/go.mod h1:h1NjWce9XRLGQEsW7wpKNCjG9DtNlClVuFLEZdDNbEs=
golang.org/x/sys v0.0.0-20210630005230-0f9fa26af87c/go.mod h1:oPkhp1MJrh7nUepCBck5+mAzfO9JrbApNNgaTdGDITg=
golang.org/x/sys v0.0.0-20220811171246-fbc7d0a398ab/go.mod h1:oPkhp1MJrh7nUepCBck5+mAzfO9JrbApNNgaTdGDITg=
golang.org/x/sys v0.3.0 h1:w8ZOecv6NaNa/zC8944JTU3vz4u6Lagfk4RPQxv92NQ=
golang.org/x/sys v0.3.0/go.mod h1:oPkhp1MJrh7nUepCBck5+mAzfO9JrbApNNgaTdGDITg=
golang.org/x/term v0.0.0-20220526004731-065cf7ba2467 h1:CBpWXWQpIRjzmkkA+M7q9Fqnwd2mZr3AFqexg8YTfoM=
golang.org/x/term v0.0.0-20220526004731-065cf7ba2467/go.mod h1:jbD1KX2456YbFQfuXm/mYQcufACuNUgVhRMnK/tPxf8=
gopkg.in/check.v1 v0.0.0-20161208181325-20d25e280405/go.mod h1:Co6ibVJAznAaIkqp8huTwlJQCZ016jof/cbN4VW5Yz0=
gopkg.in/yaml.v2 v2.2.8/go.mod h1:hI93XBmqTisBFMUTm0b8Fm+jr3Dg1NNxqwp+5A1VGuI=
gopkg.in/yaml.v3 v3.0.1 h1:fxVm/GzAzEWqLHuvctI91KS9hhNmmWOoWu0XTYJS7CA=
